{
  "requires": true,
  "lockfileVersion": 1,
  "dependencies": {
    "callbag": {
      "version": "1.0.3",
      "resolved": "https://registry.npmjs.org/callbag/-/callbag-1.0.3.tgz",
      "integrity": "sha512-1Tlt+Lxu+O+g86xaM1rnGuETRHpz96erCRZJgxGW2817+zbBiOmYr7rUVmM+sf+s88YEezFtIJRqvlr5tmv3ag=="
    },
    "callbag-basics": {
      "version": "2.0.1",
      "resolved": "https://registry.npmjs.org/callbag-basics/-/callbag-basics-2.0.1.tgz",
      "integrity": "sha512-xSKIcjvh1jvv0cWBLqLZWFp6BBPChpR8Y4mTSAxpBPLDGJTJpxnfiUHU9RSowKVlZYhCcA4dvWCaRQbtrZKezQ==",
      "requires": {
        "callbag": "1.0.3",
        "callbag-combine": "1.0.1",
        "callbag-concat": "1.0.1",
        "callbag-filter": "1.0.1",
        "callbag-flatten": "1.0.0",
        "callbag-for-each": "1.0.1",
        "callbag-from-event": "1.0.0",
        "callbag-from-iter": "1.0.0",
        "callbag-from-obs": "1.0.1",
        "callbag-from-promise": "1.0.0",
        "callbag-interval": "1.0.0",
        "callbag-map": "1.0.1",
        "callbag-merge": "1.0.0",
        "callbag-pipe": "1.1.1",
        "callbag-scan": "1.0.1",
        "callbag-share": "1.0.0",
        "callbag-skip": "1.0.0",
        "callbag-take": "1.0.0"
      }
    },
    "callbag-combine": {
      "version": "1.0.1",
      "resolved": "https://registry.npmjs.org/callbag-combine/-/callbag-combine-1.0.1.tgz",
      "integrity": "sha512-vTJsMzo7hMEvNo+h3ig7Sr+s6CyYcmSAWnsZ/4vCpSszObfh+9dbmPXGck5TwFz1Yti3CA5bKekQOCQOmlWGVQ=="
    },
    "callbag-concat": {
      "version": "1.0.1",
      "resolved": "https://registry.npmjs.org/callbag-concat/-/callbag-concat-1.0.1.tgz",
      "integrity": "sha512-dwJA0aU/xE8eeoQ5I/lXQQM/7fKIJm0dRXGzLfx1LPo+EJaJIKPxqH12qgLIsAyQ3R1vtlg171iUMK4q8uy2jA=="
    },
    "callbag-filter": {
      "version": "1.0.1",
      "resolved": "https://registry.npmjs.org/callbag-filter/-/callbag-filter-1.0.1.tgz",
      "integrity": "sha512-cfFvNCAQr9f1jhZuOw9eS1Ij8h/2/qouiF4Pip7pCVseOvqztgpl/VlLzomsp8tLBIcw3RVvPcTfEiOZzifKDg=="
    },
    "callbag-flatten": {
      "version": "1.0.0",
      "resolved": "https://registry.npmjs.org/callbag-flatten/-/callbag-flatten-1.0.0.tgz",
      "integrity": "sha512-hhll0EXt6Hz5cMEcS7Y7rysfldNr2aBCo3ALIBoCyTWtEGpYjaHBQiWaiGBEizHBtTbrbl3HHGAeIt2RRtmrPg=="
    },
    "callbag-for-each": {
      "version": "1.0.1",
      "resolved": "https://registry.npmjs.org/callbag-for-each/-/callbag-for-each-1.0.1.tgz",
      "integrity": "sha512-gi72tiwXCs2fLpsH8MQ98bVl6JjKsVHCVg6uQJjKsUUzADwvj4Vl6E0+Ygbf4sXztnJZgJJIs9N6XgqgtM4PRQ=="
    },
    "callbag-from-event": {
      "version": "1.0.0",
      "resolved": "https://registry.npmjs.org/callbag-from-event/-/callbag-from-event-1.0.0.tgz",
      "integrity": "sha512-Ir0gVsjXpj3EMzPCt6OSwEndGOzD1utgHz21DL0U/YlOfnbNMM0YWgleu9/ZrsQ33dzDMvoEG8SxlD8tJB9k9g=="
    },
    "callbag-from-iter": {
      "version": "1.0.0",
      "resolved": "https://registry.npmjs.org/callbag-from-iter/-/callbag-from-iter-1.0.0.tgz",
      "integrity": "sha512-qHERRsd9kcLQlAi2CrspFZidG++m7F34f87icIA8UJEfgn8c4plc3Xh0qn5J4PSeBdlPTLFRRYkWrYv3/JvdOw=="
    },
    "callbag-from-obs": {
      "version": "1.0.1",
      "resolved": "https://registry.npmjs.org/callbag-from-obs/-/callbag-from-obs-1.0.1.tgz",
      "integrity": "sha512-T1Q3QSs2OoBQCx/vshcp8gsI3N5wHMfeHGYHy3JD7PqygaMXh1GZGMp25glXL3eccO073QwQWZef9aew5VTCRg=="
    },
    "callbag-from-promise": {
      "version": "1.0.0",
      "resolved": "https://registry.npmjs.org/callbag-from-promise/-/callbag-from-promise-1.0.0.tgz",
      "integrity": "sha512-1S0ig7VY+TV94180eBBLuQSjaT8X1XPflGZAppC5YTLfx1ZP4A6dfmkm9K7CtpEzeDWaLr//gNdQw2H1qT3jPQ=="
    },
    "callbag-interval": {
      "version": "1.0.0",
      "resolved": "https://registry.npmjs.org/callbag-interval/-/callbag-interval-1.0.0.tgz",
      "integrity": "sha512-8wlAZwqX4qKuIbRuqj5aIZmVhNepf61bildMfGROYLyzefTmaoKxag/xf4FHQk0kfVDKfz9x4nZYkLVgHuRdJA=="
    },
    "callbag-map": {
      "version": "1.0.1",
      "resolved": "https://registry.npmjs.org/callbag-map/-/callbag-map-1.0.1.tgz",
      "integrity": "sha512-JotprLfl5D/DqArAUlygHOBVkTi2VKfueU71EtbEs2N5dUKlcjkZzSf6BkAWN/EHmgwaaCbVQIhsgvRKYYl1iw=="
    },
    "callbag-merge": {
      "version": "1.0.0",
      "resolved": "https://registry.npmjs.org/callbag-merge/-/callbag-merge-1.0.0.tgz",
      "integrity": "sha512-hYjg8rRPuGds/GkAXtqR4P+AGQ32ewFqcOkhMCAlC+9PVejYZyn8KEzBI686eJuQ8rTtAWuIgnF8aSmTqWYO9g=="
    },
    "callbag-pipe": {
      "version": "1.1.1",
      "resolved": "https://registry.npmjs.org/callbag-pipe/-/callbag-pipe-1.1.1.tgz",
      "integrity": "sha512-gPTHExrElPAOu/s91aySM1dCGCuQhbTLvvHwrqI/2aMW0qOda2nCZpmE0ML94l2tDy6Y4fqlI1SyAxqgLkZl6w=="
    },
    "callbag-scan": {
      "version": "1.0.1",
      "resolved": "https://registry.npmjs.org/callbag-scan/-/callbag-scan-1.0.1.tgz",
      "integrity": "sha512-pnxvxShHTpdn4BIl15QUu/wQPOxFasyUU1NpbVS4aPREe0pUrBKUvMvgCVEMy1takUAuV7MWXcBI5U59UyW39A=="
    },
    "callbag-share": {
      "version": "1.0.0",
      "resolved": "https://registry.npmjs.org/callbag-share/-/callbag-share-1.0.0.tgz",
      "integrity": "sha512-YkQcAt9Jwc7SSETP6bZ4B5cBW6TFgy5FDDzGxI+dsOp2dnHa0ZOc/bV+G0VUVqqpFIo5wIf0+zUku4X0ccfpcg=="
    },
    "callbag-skip": {
      "version": "1.0.0",
      "resolved": "https://registry.npmjs.org/callbag-skip/-/callbag-skip-1.0.0.tgz",
      "integrity": "sha512-XCvIT+mDa4K4HIbEoF6mhoM1YrXq7aLVDD0JvA/Px8MN//Nuxkp4bP3ivuD2u9vyYdubXHmAD4RwHJUm8azcjQ=="
    },
    "callbag-take": {
      "version": "1.0.0",
      "resolved": "https://registry.npmjs.org/callbag-take/-/callbag-take-1.0.0.tgz",
      "integrity": "sha512-qQ220/N6gOJRS4JS/mEVzbsADCaet5QAYZimrvGjjzT87eclQugJOzsae6efaGMf2KejKlPu8LxWZzs+zZ/hBw=="
    }
  }
}
